{
  "name": "Reconify",
  "lockfileVersion": 3,
  "requires": true,
  "packages": {
    "": {
      "dependencies": {
        "f": "^1.4.0",
        "fi": "^1.0.16",
        "ficons": "^1.1.54"
      }
    },
    "node_modules/f": {
      "version": "1.4.0",
      "resolved": "https://registry.npmjs.org/f/-/f-1.4.0.tgz",
      "integrity": "sha512-THMsoTpFuIFoQ538jpbW7x/9pVaE0jdKN2O+nd7xpeUT17lECGX8M+QOaZ186ipc3XSzSFOytaXFidItHix44Q==",
      "license": "MIT"
    },
    "node_modules/fi": {
      "version": "1.0.16",
      "resolved": "https://registry.npmjs.org/fi/-/fi-1.0.16.tgz",
      "integrity": "sha512-LHShJWRT8E8YRsdudel8Md9jMtt7YH3AWX6aPz6hhCWFQDKkT/h5Thrl2Xv6XKUDQ2s02YiilVwAdi+jUs/Xsg==",
      "license": "MIT"
    },
    "node_modules/ficons": {
      "version": "1.1.54",
      "resolved": "https://registry.npmjs.org/ficons/-/ficons-1.1.54.tgz",
      "integrity": "sha512-l/pG5L4CJAdgOb1rLTliGf/t3QDiI54/XIbgD9t/UeWw9FJYHDApaoKcyuk3WpRqJXXiNBCdVi9QrpXpv+eL1A=="
    }
  }
}
